{
  "object": {
    "pins": [
      {
        "package": "Parser",
        "repositoryURL": "https://github.com/finestructure/Parser",
        "state": {
          "branch": null,
          "revision": "fa5d7caa39da4eb839136e02344c2697344b112d",
          "version": "0.1.2"
        }
      }
    ]
  },
  "version": 1
}
